// !$*UTF8*$!
{
	archiveVersion = 1;
	classes = {
	};
	objectVersion = 46;
	objects = {

/* Begin PBXBuildFile section */
		04B7BC3E1C39D81A00DC9151 /* AppDelegate.swift in Sources */ = {isa = PBXBuildFile; fileRef = 04B7BC3D1C39D81A00DC9151 /* AppDelegate.swift */; };
		04B7BC401C39D81A00DC9151 /* ViewController.swift in Sources */ = {isa = PBXBuildFile; fileRef = 04B7BC3F1C39D81A00DC9151 /* ViewController.swift */; };
		04B7BC431C39D81A00DC9151 /* Main.storyboard in Resources */ = {isa = PBXBuildFile; fileRef = 04B7BC411C39D81A00DC9151 /* Main.storyboard */; };
		04B7BC461C39D81A00DC9151 /* Scholarships_2_0.xcdatamodeld in Sources */ = {isa = PBXBuildFile; fileRef = 04B7BC441C39D81A00DC9151 /* Scholarships_2_0.xcdatamodeld */; };
		04B7BC481C39D81A00DC9151 /* Assets.xcassets in Resources */ = {isa = PBXBuildFile; fileRef = 04B7BC471C39D81A00DC9151 /* Assets.xcassets */; };
		04B7BC4B1C39D81A00DC9151 /* LaunchScreen.storyboard in Resources */ = {isa = PBXBuildFile; fileRef = 04B7BC491C39D81A00DC9151 /* LaunchScreen.storyboard */; };
		04B7BC561C39D81A00DC9151 /* Scholarships_2_0Tests.swift in Sources */ = {isa = PBXBuildFile; fileRef = 04B7BC551C39D81A00DC9151 /* Scholarships_2_0Tests.swift */; };
		04B7BC611C39D81A00DC9151 /* Scholarships_2_0UITests.swift in Sources */ = {isa = PBXBuildFile; fileRef = 04B7BC601C39D81A00DC9151 /* Scholarships_2_0UITests.swift */; };
/* End PBXBuildFile section */

/* Begin PBXContainerItemProxy section */
		04B7BC521C39D81A00DC9151 /* PBXContainerItemProxy */ = {
			isa = PBXContainerItemProxy;
			containerPortal = 04B7BC321C39D81A00DC9151 /* Project object */;
			proxyType = 1;
			remoteGlobalIDString = 04B7BC391C39D81A00DC9151;
			remoteInfo = "Scholarships 2.0";
		};
		04B7BC5D1C39D81A00DC9151 /* PBXContainerItemProxy */ = {
			isa = PBXContainerItemProxy;
			containerPortal = 04B7BC321C39D81A00DC9151 /* Project object */;
			proxyType = 1;
			remoteGlobalIDString = 04B7BC391C39D81A00DC9151;
			remoteInfo = "Scholarships 2.0";
		};
/* End PBXContainerItemProxy section */

/* Begin PBXFileReference section */
		04B7BC3A1C39D81A00DC9151 /* Scholarships 2.0.app */ = {isa = PBXFileReference; explicitFileType = wrapper.application; includeInIndex = 0; path = "Scholarships 2.0.app"; sourceTree = BUILT_PRODUCTS_DIR; };
		04B7BC3D1C39D81A00DC9151 /* AppDelegate.swift */ = {isa = PBXFileReference; lastKnownFileType = sourcecode.swift; path = AppDelegate.swift; sourceTree = "<group>"; };
		04B7BC3F1C39D81A00DC9151 /* ViewController.swift */ = {isa = PBXFileReference; lastKnownFileType = sourcecode.swift; path = ViewController.swift; sourceTree = "<group>"; };
		04B7BC421C39D81A00DC9151 /* Base */ = {isa = PBXFileReference; lastKnownFileType = file.storyboard; name = Base; path = Base.lproj/Main.storyboard; sourceTree = "<group>"; };
		04B7BC451C39D81A00DC9151 /* Scholarships_2_0.xcdatamodel */ = {isa = PBXFileReference; lastKnownFileType = wrapper.xcdatamodel; path = Scholarships_2_0.xcdatamodel; sourceTree = "<group>"; };
		04B7BC471C39D81A00DC9151 /* Assets.xcassets */ = {isa = PBXFileReference; lastKnownFileType = folder.assetcatalog; path = Assets.xcassets; sourceTree = "<group>"; };
		04B7BC4A1C39D81A00DC9151 /* Base */ = {isa = PBXFileReference; lastKnownFileType = file.storyboard; name = Base; path = Base.lproj/LaunchScreen.storyboard; sourceTree = "<group>"; };
		04B7BC4C1C39D81A00DC9151 /* Info.plist */ = {isa = PBXFileReference; lastKnownFileType = text.plist.xml; path = Info.plist; sourceTree = "<group>"; };
		04B7BC511C39D81A00DC9151 /* Scholarships 2.0Tests.xctest */ = {isa = PBXFileReference; explicitFileType = wrapper.cfbundle; includeInIndex = 0; path = "Scholarships 2.0Tests.xctest"; sourceTree = BUILT_PRODUCTS_DIR; };
		04B7BC551C39D81A00DC9151 /* Scholarships_2_0Tests.swift */ = {isa = PBXFileReference; lastKnownFileType = sourcecode.swift; path = Scholarships_2_0Tests.swift; sourceTree = "<group>"; };
		04B7BC571C39D81A00DC9151 /* Info.plist */ = {isa = PBXFileReference; lastKnownFileType = text.plist.xml; path = Info.plist; sourceTree = "<group>"; };
		04B7BC5C1C39D81A00DC9151 /* Scholarships 2.0UITests.xctest */ = {isa = PBXFileReference; explicitFileType = wrapper.cfbundle; includeInIndex = 0; path = "Scholarships 2.0UITests.xctest"; sourceTree = BUILT_PRODUCTS_DIR; };
		04B7BC601C39D81A00DC9151 /* Scholarships_2_0UITests.swift */ = {isa = PBXFileReference; lastKnownFileType = sourcecode.swift; path = Scholarships_2_0UITests.swift; sourceTree = "<group>"; };
		04B7BC621C39D81A00DC9151 /* Info.plist */ = {isa = PBXFileReference; lastKnownFileType = text.plist.xml; path = Info.plist; sourceTree = "<group>"; };
/* End PBXFileReference section */

/* Begin PBXFrameworksBuildPhase section */
		04B7BC371C39D81A00DC9151 /* Frameworks */ = {
			isa = PBXFrameworksBuildPhase;
			buildActionMask = 2147483647;
			files = (
			);
			runOnlyForDeploymentPostprocessing = 0;
		};
		04B7BC4E1C39D81A00DC9151 /* Frameworks */ = {
			isa = PBXFrameworksBuildPhase;
			buildActionMask = 2147483647;
			files = (
			);
			runOnlyForDeploymentPostprocessing = 0;
		};
		04B7BC591C39D81A00DC9151 /* Frameworks */ = {
			isa = PBXFrameworksBuildPhase;
			buildActionMask = 2147483647;
			files = (
			);
			runOnlyForDeploymentPostprocessing = 0;
		};
/* End PBXFrameworksBuildPhase section */

/* Begin PBXGroup section */
		04B7BC311C39D81A00DC9151 = {
			isa = PBXGroup;
			children = (
				04B7BC3C1C39D81A00DC9151 /* Scholarships 2.0 */,
				04B7BC541C39D81A00DC9151 /* Scholarships 2.0Tests */,
				04B7BC5F1C39D81A00DC9151 /* Scholarships 2.0UITests */,
				04B7BC3B1C39D81A00DC9151 /* Products */,
			);
			sourceTree = "<group>";
		};
		04B7BC3B1C39D81A00DC9151 /* Products */ = {
			isa = PBXGroup;
			children = (
				04B7BC3A1C39D81A00DC9151 /* Scholarships 2.0.app */,
				04B7BC511C39D81A00DC9151 /* Scholarships 2.0Tests.xctest */,
				04B7BC5C1C39D81A00DC9151 /* Scholarships 2.0UITests.xctest */,
			);
			name = Products;
			sourceTree = "<group>";
		};
		04B7BC3C1C39D81A00DC9151 /* Scholarships 2.0 */ = {
			isa = PBXGroup;
			children = (
				04B7BC3D1C39D81A00DC9151 /* AppDelegate.swift */,
				04B7BC3F1C39D81A00DC9151 /* ViewController.swift */,
				04B7BC411C39D81A00DC9151 /* Main.storyboard */,
				04B7BC471C39D81A00DC9151 /* Assets.xcassets */,
				04B7BC491C39D81A00DC9151 /* LaunchScreen.storyboard */,
				04B7BC4C1C39D81A00DC9151 /* Info.plist */,
				04B7BC441C39D81A00DC9151 /* Scholarships_2_0.xcdatamodeld */,
			);
			path = "Scholarships 2.0";
			sourceTree = "<group>";
		};
		04B7BC541C39D81A00DC9151 /* Scholarships 2.0Tests */ = {
			isa = PBXGroup;
			children = (
				04B7BC551C39D81A00DC9151 /* Scholarships_2_0Tests.swift */,
				04B7BC571C39D81A00DC9151 /* Info.plist */,
			);
			path = "Scholarships 2.0Tests";
			sourceTree = "<group>";
		};
		04B7BC5F1C39D81A00DC9151 /* Scholarships 2.0UITests */ = {
			isa = PBXGroup;
			children = (
				04B7BC601C39D81A00DC9151 /* Scholarships_2_0UITests.swift */,
				04B7BC621C39D81A00DC9151 /* Info.plist */,
			);
			path = "Scholarships 2.0UITests";
			sourceTree = "<group>";
		};
/* End PBXGroup section */

/* Begin PBXNativeTarget section */
		04B7BC391C39D81A00DC9151 /* Scholarships 2.0 */ = {
			isa = PBXNativeTarget;
			buildConfigurationList = 04B7BC651C39D81A00DC9151 /* Build configuration list for PBXNativeTarget "Scholarships 2.0" */;
			buildPhases = (
				04B7BC361C39D81A00DC9151 /* Sources */,
				04B7BC371C39D81A00DC9151 /* Frameworks */,
				04B7BC381C39D81A00DC9151 /* Resources */,
			);
			buildRules = (
			);
			dependencies = (
			);
			name = "Scholarships 2.0";
			productName = "Scholarships 2.0";
			productReference = 04B7BC3A1C39D81A00DC9151 /* Scholarships 2.0.app */;
			productType = "com.apple.product-type.application";
		};
		04B7BC501C39D81A00DC9151 /* Scholarships 2.0Tests */ = {
			isa = PBXNativeTarget;
			buildConfigurationList = 04B7BC681C39D81A00DC9151 /* Build configuration list for PBXNativeTarget "Scholarships 2.0Tests" */;
			buildPhases = (
				04B7BC4D1C39D81A00DC9151 /* Sources */,
				04B7BC4E1C39D81A00DC9151 /* Frameworks */,
				04B7BC4F1C39D81A00DC9151 /* Resources */,
			);
			buildRules = (
			);
			dependencies = (
				04B7BC531C39D81A00DC9151 /* PBXTargetDependency */,
			);
			name = "Scholarships 2.0Tests";
			productName = "Scholarships 2.0Tests";
			productReference = 04B7BC511C39D81A00DC9151 /* Scholarships 2.0Tests.xctest */;
			productType = "com.apple.product-type.bundle.unit-test";
		};
		04B7BC5B1C39D81A00DC9151 /* Scholarships 2.0UITests */ = {
			isa = PBXNativeTarget;
			buildConfigurationList = 04B7BC6B1C39D81A00DC9151 /* Build configuration list for PBXNativeTarget "Scholarships 2.0UITests" */;
			buildPhases = (
				04B7BC581C39D81A00DC9151 /* Sources */,
				04B7BC591C39D81A00DC9151 /* Frameworks */,
				04B7BC5A1C39D81A00DC9151 /* Resources */,
			);
			buildRules = (
			);
			dependencies = (
				04B7BC5E1C39D81A00DC9151 /* PBXTargetDependency */,
			);
			name = "Scholarships 2.0UITests";
			productName = "Scholarships 2.0UITests";
			productReference = 04B7BC5C1C39D81A00DC9151 /* Scholarships 2.0UITests.xctest */;
			productType = "com.apple.product-type.bundle.ui-testing";
		};
/* End PBXNativeTarget section */

/* Begin PBXProject section */
		04B7BC321C39D81A00DC9151 /* Project object */ = {
			isa = PBXProject;
			attributes = {
				LastSwiftUpdateCheck = 0710;
				LastUpgradeCheck = 0710;
				ORGANIZATIONNAME = Gansoronzon;
				TargetAttributes = {
					04B7BC391C39D81A00DC9151 = {
						CreatedOnToolsVersion = 7.1.1;
					};
					04B7BC501C39D81A00DC9151 = {
						CreatedOnToolsVersion = 7.1.1;
						TestTargetID = 04B7BC391C39D81A00DC9151;
					};
					04B7BC5B1C39D81A00DC9151 = {
						CreatedOnToolsVersion = 7.1.1;
						TestTargetID = 04B7BC391C39D81A00DC9151;
					};
				};
			};
			buildConfigurationList = 04B7BC351C39D81A00DC9151 /* Build configuration list for PBXProject "Scholarships 2.0" */;
			compatibilityVersion = "Xcode 3.2";
			developmentRegion = English;
			hasScannedForEncodings = 0;
			knownRegions = (
				en,
				Base,
			);
			mainGroup = 04B7BC311C39D81A00DC9151;
			productRefGroup = 04B7BC3B1C39D81A00DC9151 /* Products */;
			projectDirPath = "";
			projectRoot = "";
			targets = (
				04B7BC391C39D81A00DC9151 /* Scholarships 2.0 */,
				04B7BC501C39D81A00DC9151 /* Scholarships 2.0Tests */,
				04B7BC5B1C39D81A00DC9151 /* Scholarships 2.0UITests */,
			);
		};
/* End PBXProject section */

/* Begin PBXResourcesBuildPhase section */
		04B7BC381C39D81A00DC9151 /* Resources */ = {
			isa = PBXResourcesBuildPhase;
			buildActionMask = 2147483647;
			files = (
				04B7BC4B1C39D81A00DC9151 /* LaunchScreen.storyboard in Resources */,
				04B7BC481C39D81A00DC9151 /* Assets.xcassets in Resources */,
				04B7BC431C39D81A00DC9151 /* Main.storyboard in Resources */,
			);
			runOnlyForDeploymentPostprocessing = 0;
		};
		04B7BC4F1C39D81A00DC9151 /* Resources */ = {
			isa = PBXResourcesBuildPhase;
			buildActionMask = 2147483647;
			files = (
			);
			runOnlyForDeploymentPostprocessing = 0;
		};
		04B7BC5A1C39D81A00DC9151 /* Resources */ = {
			isa = PBXResourcesBuildPhase;
			buildActionMask = 2147483647;
			files = (
			);
			runOnlyForDeploymentPostprocessing = 0;
		};
/* End PBXResourcesBuildPhase section */

/* Begin PBXSourcesBuildPhase section */
		04B7BC361C39D81A00DC9151 /* Sources */ = {
			isa = PBXSourcesBuildPhase;
			buildActionMask = 2147483647;
			files = (
				04B7BC401C39D81A00DC9151 /* ViewController.swift in Sources */,
				04B7BC3E1C39D81A00DC9151 /* AppDelegate.swift in Sources */,
				04B7BC461C39D81A00DC9151 /* Scholarships_2_0.xcdatamodeld in Sources */,
			);
			runOnlyForDeploymentPostprocessing = 0;
		};
		04B7BC4D1C39D81A00DC9151 /* Sources */ = {
			isa = PBXSourcesBuildPhase;
			buildActionMask = 2147483647;
			files = (
				04B7BC561C39D81A00DC9151 /* Scholarships_2_0Tests.swift in Sources */,
			);
			runOnlyForDeploymentPostprocessing = 0;
		};
		04B7BC581C39D81A00DC9151 /* Sources */ = {
			isa = PBXSourcesBuildPhase;
			buildActionMask = 2147483647;
			files = (
				04B7BC611C39D81A00DC9151 /* Scholarships_2_0UITests.swift in Sources */,
			);
			runOnlyForDeploymentPostprocessing = 0;
		};
/* End PBXSourcesBuildPhase section */

/* Begin PBXTargetDependency section */
		04B7BC531C39D81A00DC9151 /* PBXTargetDependency */ = {
			isa = PBXTargetDependency;
			target = 04B7BC391C39D81A00DC9151 /* Scholarships 2.0 */;
			targetProxy = 04B7BC521C39D81A00DC9151 /* PBXContainerItemProxy */;
		};
		04B7BC5E1C39D81A00DC9151 /* PBXTargetDependency */ = {
			isa = PBXTargetDependency;
			target = 04B7BC391C39D81A00DC9151 /* Scholarships 2.0 */;
			targetProxy = 04B7BC5D1C39D81A00DC9151 /* PBXContainerItemProxy */;
		};
/* End PBXTargetDependency section */

/* Begin PBXVariantGroup section */
		04B7BC411C39D81A00DC9151 /* Main.storyboard */ = {
			isa = PBXVariantGroup;
			children = (
				04B7BC421C39D81A00DC9151 /* Base */,
			);
			name = Main.storyboard;
			sourceTree = "<group>";
		};
		04B7BC491C39D81A00DC9151 /* LaunchScreen.storyboard */ = {
			isa = PBXVariantGroup;
			children = (
				04B7BC4A1C39D81A00DC9151 /* Base */,
			);
			name = LaunchScreen.storyboard;
			sourceTree = "<group>";
		};
/* End PBXVariantGroup section */

/* Begin XCBuildConfiguration section */
		04B7BC631C39D81A00DC9151 /* Debug */ = {
			isa = XCBuildConfiguration;
			buildSettings = {
				ALWAYS_SEARCH_USER_PATHS = NO;
				CLANG_CXX_LANGUAGE_STANDARD = "gnu++0x";
				CLANG_CXX_LIBRARY = "libc++";
				CLANG_ENABLE_MODULES = YES;
				CLANG_ENABLE_OBJC_ARC = YES;
				CLANG_WARN_BOOL_CONVERSION = YES;
				CLANG_WARN_CONSTANT_CONVERSION = YES;
				CLANG_WARN_DIRECT_OBJC_ISA_USAGE = YES_ERROR;
				CLANG_WARN_EMPTY_BODY = YES;
				CLANG_WARN_ENUM_CONVERSION = YES;
				CLANG_WARN_INT_CONVERSION = YES;
				CLANG_WARN_OBJC_ROOT_CLASS = YES_ERROR;
				CLANG_WARN_UNREACHABLE_CODE = YES;
				CLANG_WARN__DUPLICATE_METHOD_MATCH = YES;
				"CODE_SIGN_IDENTITY[sdk=iphoneos*]" = "iPhone Developer";
				COPY_PHASE_STRIP = NO;
				DEBUG_INFORMATION_FORMAT = dwarf;
				ENABLE_STRICT_OBJC_MSGSEND = YES;
				ENABLE_TESTABILITY = YES;
				GCC_C_LANGUAGE_STANDARD = gnu99;
				GCC_DYNAMIC_NO_PIC = NO;
				GCC_NO_COMMON_BLOCKS = YES;
				GCC_OPTIMIZATION_LEVEL = 0;
				GCC_PREPROCESSOR_DEFINITIONS = (
					"DEBUG=1",
					"$(inherited)",
				);
				GCC_WARN_64_TO_32_BIT_CONVERSION = YES;
				GCC_WARN_ABOUT_RETURN_TYPE = YES_ERROR;
				GCC_WARN_UNDECLARED_SELECTOR = YES;
				GCC_WARN_UNINITIALIZED_AUTOS = YES_AGGRESSIVE;
				GCC_WARN_UNUSED_FUNCTION = YES;
				GCC_WARN_UNUSED_VARIABLE = YES;
				IPHONEOS_DEPLOYMENT_TARGET = 9.1;
				MTL_ENABLE_DEBUG_INFO = YES;
				ONLY_ACTIVE_ARCH = YES;
				SDKROOT = iphoneos;
				SWIFT_OPTIMIZATION_LEVEL = "-Onone";
			};
			name = Debug;
		};
		04B7BC641C39D81A00DC9151 /* Release */ = {
			isa = XCBuildConfiguration;
			buildSettings = {
				ALWAYS_SEARCH_USER_PATHS = NO;
				CLANG_CXX_LANGUAGE_STANDARD = "gnu++0x";
				CLANG_CXX_LIBRARY = "libc++";
				CLANG_ENABLE_MODULES = YES;
				CLANG_ENABLE_OBJC_ARC = YES;
				CLANG_WARN_BOOL_CONVERSION = YES;
				CLANG_WARN_CONSTANT_CONVERSION = YES;
				CLANG_WARN_DIRECT_OBJC_ISA_USAGE = YES_ERROR;
				CLANG_WARN_EMPTY_BODY = YES;
				CLANG_WARN_ENUM_CONVERSION = YES;
				CLANG_WARN_INT_CONVERSION = YES;
				CLANG_WARN_OBJC_ROOT_CLASS = YES_ERROR;
				CLANG_WARN_UNREACHABLE_CODE = YES;
				CLANG_WARN__DUPLICATE_METHOD_MATCH = YES;
				"CODE_SIGN_IDENTITY[sdk=iphoneos*]" = "iPhone Developer";
				COPY_PHASE_STRIP = NO;
				DEBUG_INFORMATION_FORMAT = "dwarf-with-dsym";
				ENABLE_NS_ASSERTIONS = NO;
				ENABLE_STRICT_OBJC_MSGSEND = YES;
				GCC_C_LANGUAGE_STANDARD = gnu99;
				GCC_NO_COMMON_BLOCKS = YES;
				GCC_WARN_64_TO_32_BIT_CONVERSION = YES;
				GCC_WARN_ABOUT_RETURN_TYPE = YES_ERROR;
				GCC_WARN_UNDECLARED_SELECTOR = YES;
				GCC_WARN_UNINITIALIZED_AUTOS = YES_AGGRESSIVE;
				GCC_WARN_UNUSED_FUNCTION = YES;
				GCC_WARN_UNUSED_VARIABLE = YES;
				IPHONEOS_DEPLOYMENT_TARGET = 9.1;
				MTL_ENABLE_DEBUG_INFO = NO;
				SDKROOT = iphoneos;
				VALIDATE_PRODUCT = YES;
			};
			name = Release;
		};
		04B7BC661C39D81A00DC9151 /* Debug */ = {
			isa = XCBuildConfiguration;
			buildSettings = {
				ASSETCATALOG_COMPILER_APPICON_NAME = AppIcon;
				INFOPLIST_FILE = "Scholarships 2.0/Info.plist";
				LD_RUNPATH_SEARCH_PATHS = "$(inherited) @executable_path/Frameworks";
				PRODUCT_BUNDLE_IDENTIFIER = "com.monlex.Scholarships-2-0";
				PRODUCT_NAME = "$(TARGET_NAME)";
			};
			name = Debug;
		};
		04B7BC671C39D81A00DC9151 /* Release */ = {
			isa = XCBuildConfiguration;
			buildSettings = {
				ASSETCATALOG_COMPILER_APPICON_NAME = AppIcon;
				INFOPLIST_FILE = "Scholarships 2.0/Info.plist";
				LD_RUNPATH_SEARCH_PATHS = "$(inherited) @executable_path/Frameworks";
				PRODUCT_BUNDLE_IDENTIFIER = "com.monlex.Scholarships-2-0";
				PRODUCT_NAME = "$(TARGET_NAME)";
			};
			name = Release;
		};
		04B7BC691C39D81A00DC9151 /* Debug */ = {
			isa = XCBuildConfiguration;
			buildSettings = {
				BUNDLE_LOADER = "$(TEST_HOST)";
				INFOPLIST_FILE = "Scholarships 2.0Tests/Info.plist";
				LD_RUNPATH_SEARCH_PATHS = "$(inherited) @executable_path/Frameworks @loader_path/Frameworks";
				PRODUCT_BUNDLE_IDENTIFIER = "com.monlex.Scholarships-2-0Tests";
				PRODUCT_NAME = "$(TARGET_NAME)";
				TEST_HOST = "$(BUILT_PRODUCTS_DIR)/Scholarships 2.0.app/Scholarships 2.0";
			};
			name = Debug;
		};
		04B7BC6A1C39D81A00DC9151 /* Release */ = {
			isa = XCBuildConfiguration;
			buildSettings = {
				BUNDLE_LOADER = "$(TEST_HOST)";
				INFOPLIST_FILE = "Scholarships 2.0Tests/Info.plist";
				LD_RUNPATH_SEARCH_PATHS = "$(inherited) @executable_path/Frameworks @loader_path/Frameworks";
				PRODUCT_BUNDLE_IDENTIFIER = "com.monlex.Scholarships-2-0Tests";
				PRODUCT_NAME = "$(TARGET_NAME)";
				TEST_HOST = "$(BUILT_PRODUCTS_DIR)/Scholarships 2.0.app/Scholarships 2.0";
			};
			name = Release;
		};
		04B7BC6C1C39D81A00DC9151 /* Debug */ = {
			isa = XCBuildConfiguration;
			buildSettings = {
				INFOPLIST_FILE = "Scholarships 2.0UITests/Info.plist";
				LD_RUNPATH_SEARCH_PATHS = "$(inherited) @executable_path/Frameworks @loader_path/Frameworks";
				PRODUCT_BUNDLE_IDENTIFIER = "com.monlex.Scholarships-2-0UITests";
				PRODUCT_NAME = "$(TARGET_NAME)";
				TEST_TARGET_NAME = "Scholarships 2.0";
				USES_XCTRUNNER = YES;
			};
			name = Debug;
		};
		04B7BC6D1C39D81A00DC9151 /* Release */ = {
			isa = XCBuildConfiguration;
			buildSettings = {
				INFOPLIST_FILE = "Scholarships 2.0UITests/Info.plist";
				LD_RUNPATH_SEARCH_PATHS = "$(inherited) @executable_path/Frameworks @loader_path/Frameworks";
				PRODUCT_BUNDLE_IDENTIFIER = "com.monlex.Scholarships-2-0UITests";
				PRODUCT_NAME = "$(TARGET_NAME)";
				TEST_TARGET_NAME = "Scholarships 2.0";
				USES_XCTRUNNER = YES;
			};
			name = Release;
		};
/* End XCBuildConfiguration section */

/* Begin XCConfigurationList section */
		04B7BC351C39D81A00DC9151 /* Build configuration list for PBXProject "Scholarships 2.0" */ = {
			isa = XCConfigurationList;
			buildConfigurations = (
				04B7BC631C39D81A00DC9151 /* Debug */,
				04B7BC641C39D81A00DC9151 /* Release */,
			);
			defaultConfigurationIsVisible = 0;
			defaultConfigurationName = Release;
		};
		04B7BC651C39D81A00DC9151 /* Build configuration list for PBXNativeTarget "Scholarships 2.0" */ = {
			isa = XCConfigurationList;
			buildConfigurations = (
				04B7BC661C39D81A00DC9151 /* Debug */,
				04B7BC671C39D81A00DC9151 /* Release */,
			);
			defaultConfigurationIsVisible = 0;
		};
		04B7BC681C39D81A00DC9151 /* Build configuration list for PBXNativeTarget "Scholarships 2.0Tests" */ = {
			isa = XCConfigurationList;
			buildConfigurations = (
				04B7BC691C39D81A00DC9151 /* Debug */,
				04B7BC6A1C39D81A00DC9151 /* Release */,
			);
			defaultConfigurationIsVisible = 0;
		};
		04B7BC6B1C39D81A00DC9151 /* Build configuration list for PBXNativeTarget "Scholarships 2.0UITests" */ = {
			isa = XCConfigurationList;
			buildConfigurations = (
				04B7BC6C1C39D81A00DC9151 /* Debug */,
				04B7BC6D1C39D81A00DC9151 /* Release */,
			);
			defaultConfigurationIsVisible = 0;
		};
/* End XCConfigurationList section */

/* Begin XCVersionGroup section */
		04B7BC441C39D81A00DC9151 /* Scholarships_2_0.xcdatamodeld */ = {
			isa = XCVersionGroup;
			children = (
				04B7BC451C39D81A00DC9151 /* Scholarships_2_0.xcdatamodel */,
			);
			currentVersion = 04B7BC451C39D81A00DC9151 /* Scholarships_2_0.xcdatamodel */;
			path = Scholarships_2_0.xcdatamodeld;
			sourceTree = "<group>";
			versionGroupType = wrapper.xcdatamodel;
		};
/* End XCVersionGroup section */
	};
	rootObject = 04B7BC321C39D81A00DC9151 /* Project object */;
}
